# THIS IS AN AUTOGENERATED FILE. DO NOT EDIT THIS FILE DIRECTLY.
# yarn lockfile v1


"@graphql-tools/merge@8.3.2-alpha-9d6b1e75.0":
  version "8.3.2-alpha-9d6b1e75.0"
  resolved "https://registry.yarnpkg.com/@graphql-tools/merge/-/merge-8.3.2-alpha-9d6b1e75.0.tgz#89da9fc287f9647a3089283b1262da16295cd884"
  integrity sha512-fk2NRZsIIXx9bJ5k5okkwZ3j0fyvev09g2oc+3v3dd35T6+xjyssnVOW8wzLFU5zIW7qR34/oiZXxXscANRhPw==
  dependencies:
    "@graphql-tools/utils" "8.9.1-alpha-9d6b1e75.0"
    tslib "^2.4.0"

"@graphql-tools/utils@8.9.1-alpha-9d6b1e75.0":
  version "8.9.1-alpha-9d6b1e75.0"
  resolved "https://registry.yarnpkg.com/@graphql-tools/utils/-/utils-8.9.1-alpha-9d6b1e75.0.tgz#24cd84dabdfc92d4c5eb622471cabdcf03a10602"
  integrity sha512-m82qIrr2S3wy3uJ8yZMzXflSmqwtqvArrJpjITU1lvqmWkDJiBapkQcs/iaezMUQ3SuVTPhH5CZ8ip2U3LmLsg==
  dependencies:
    tslib "^2.4.0"

tslib@^2.4.0:
  version "2.4.0"
  resolved "https://registry.yarnpkg.com/tslib/-/tslib-2.4.0.tgz#7cecaa7f073ce680a05847aa77be941098f36dc3"
  integrity sha512-d6xOpEDfsi2CZVlPQzGeux8XMwLT9hssAsaPYExaQMuYskwb+x1x7J371tWlbBdWHroy99KnVB6qIkUbs5X3UQ==

typescript@4.7.x:
  version "4.7.4"
  resolved "https://registry.yarnpkg.com/typescript/-/typescript-4.7.4.tgz#1a88596d1cf47d59507a1bcdfb5b9dfe4d488235"
  integrity sha512-C0WQT0gezHuw6AdY1M2jxUO83Rjf0HP7Sk1DtXj6j1EwkQNZrHAg2XPWlq62oqEhYvONq5pkC2Y9oPljWToLmQ==
